
Microsoft Visual Studio Solution File, Format Version 12.00
# Visual Studio 2013
VisualStudioVersion = 12.0.21005.1
MinimumVisualStudioVersion = 10.0.40219.1
Project("{FAE04EC0-301F-11D3-BF4B-00C04F79EFBC}") = "Website", "src\Website\Website.csproj", "{60079928-2056-4845-BA0E-DD2B37AEFDB1}"
EndProject
Project("{F2A71F9B-5D33-465A-A702-920D77279786}") = "MVC", "src\MVC\MVC.fsproj", "{6830FF2F-9E56-40B2-94E9-DCD0605549EF}"
EndProject
Project("{2150E333-8FDC-42A3-9474-1A3956D46DE8}") = "Solution Items", "Solution Items", "{9D514638-6818-470B-AB10-453BA08BD4D8}"
	ProjectSection(SolutionItems) = preProject
		WE2013-settings.xml = WE2013-settings.xml
	EndProjectSection
EndProject
Project("{2150E333-8FDC-42A3-9474-1A3956D46DE8}") = ".build", ".build", "{A4B6549D-7226-4D6D-86A9-26FEAD93619D}"
	ProjectSection(SolutionItems) = preProject
		.build\NuGet.bat = .build\NuGet.bat
		.build\TFSBuildNumber.targets = .build\TFSBuildNumber.targets
		.build\VersionNumber.targets = .build\VersionNumber.targets
	EndProjectSection
EndProject
Project("{2150E333-8FDC-42A3-9474-1A3956D46DE8}") = ".nuget", ".nuget", "{3BE49B7F-1A62-42C8-ADB7-41C0C83D7579}"
	ProjectSection(SolutionItems) = preProject
		.nuget\NuGet.Config = .nuget\NuGet.Config
		.nuget\NuGet.exe = .nuget\NuGet.exe
		.nuget\NuGet.targets = .nuget\NuGet.targets
	EndProjectSection
EndProject
Project("{2150E333-8FDC-42A3-9474-1A3956D46DE8}") = "SkyJinx", "SkyJinx", "{40C3FA05-DC41-4CE6-BA67-5C5ED9F621D2}"
EndProject
Project("{FAE04EC0-301F-11D3-BF4B-00C04F79EFBC}") = "Web.Angular.Bootstrap", "src\Web.Angular.Bootstrap\Web.Angular.Bootstrap.csproj", "{618D1712-6DC7-448A-993E-8B69C05AFBFB}"
EndProject
Global
	GlobalSection(SolutionConfigurationPlatforms) = preSolution
		Debug|Any CPU = Debug|Any CPU
		Release|Any CPU = Release|Any CPU
	EndGlobalSection
	GlobalSection(ProjectConfigurationPlatforms) = postSolution
		{60079928-2056-4845-BA0E-DD2B37AEFDB1}.Debug|Any CPU.ActiveCfg = Debug|Any CPU
		{60079928-2056-4845-BA0E-DD2B37AEFDB1}.Debug|Any CPU.Build.0 = Debug|Any CPU
		{60079928-2056-4845-BA0E-DD2B37AEFDB1}.Release|Any CPU.ActiveCfg = Release|Any CPU
		{60079928-2056-4845-BA0E-DD2B37AEFDB1}.Release|Any CPU.Build.0 = Release|Any CPU
		{6830FF2F-9E56-40B2-94E9-DCD0605549EF}.Debug|Any CPU.ActiveCfg = Debug|Any CPU
		{6830FF2F-9E56-40B2-94E9-DCD0605549EF}.Debug|Any CPU.Build.0 = Debug|Any CPU
		{6830FF2F-9E56-40B2-94E9-DCD0605549EF}.Release|Any CPU.ActiveCfg = Release|Any CPU
		{6830FF2F-9E56-40B2-94E9-DCD0605549EF}.Release|Any CPU.Build.0 = Release|Any CPU
		{618D1712-6DC7-448A-993E-8B69C05AFBFB}.Debug|Any CPU.ActiveCfg = Debug|Any CPU
		{618D1712-6DC7-448A-993E-8B69C05AFBFB}.Debug|Any CPU.Build.0 = Debug|Any CPU
		{618D1712-6DC7-448A-993E-8B69C05AFBFB}.Release|Any CPU.ActiveCfg = Release|Any CPU
		{618D1712-6DC7-448A-993E-8B69C05AFBFB}.Release|Any CPU.Build.0 = Release|Any CPU
	EndGlobalSection
	GlobalSection(SolutionProperties) = preSolution
		HideSolutionNode = FALSE
	EndGlobalSection
	GlobalSection(NestedProjects) = preSolution
		{6830FF2F-9E56-40B2-94E9-DCD0605549EF} = {40C3FA05-DC41-4CE6-BA67-5C5ED9F621D2}
		{618D1712-6DC7-448A-993E-8B69C05AFBFB} = {40C3FA05-DC41-4CE6-BA67-5C5ED9F621D2}
	EndGlobalSection
EndGlobal
